
Microsoft Visual Studio Solution File, Format Version 12.00
# Visual Studio Version 17
VisualStudioVersion = 17.2.32519.379
MinimumVisualStudioVersion = 10.0.40219.1
Project("{9A19103F-16F7-4668-BE54-9A1E7A4F7556}") = "ECommerce.Core", "ECommerce.Core\ECommerce.Core.csproj", "{5CB971B5-EFCA-4604-ABEA-EA01312EE7A3}"
EndProject
Project("{9A19103F-16F7-4668-BE54-9A1E7A4F7556}") = "ECommerce.Repository", "ECommerce.Repository\ECommerce.Repository.csproj", "{A41041B2-9878-4E19-9FE3-241B3D9F03B7}"
EndProject
Project("{9A19103F-16F7-4668-BE54-9A1E7A4F7556}") = "ECommerce.Service", "ECommerce.Service\ECommerce.Service.csproj", "{F6E8AD2A-1A61-4F4F-A85A-0E261D8FF292}"
EndProject
Project("{FAE04EC0-301F-11D3-BF4B-00C04F79EFBC}") = "ECommerce.API", "ECommerce.API\ECommerce.API.csproj", "{28533F68-E3E2-4E9D-9EE0-A2D801250E41}"
EndProject
Global
	GlobalSection(SolutionConfigurationPlatforms) = preSolution
		Debug|Any CPU = Debug|Any CPU
		Release|Any CPU = Release|Any CPU
	EndGlobalSection
	GlobalSection(ProjectConfigurationPlatforms) = postSolution
		{5CB971B5-EFCA-4604-ABEA-EA01312EE7A3}.Debug|Any CPU.ActiveCfg = Debug|Any CPU
		{5CB971B5-EFCA-4604-ABEA-EA01312EE7A3}.Debug|Any CPU.Build.0 = Debug|Any CPU
		{5CB971B5-EFCA-4604-ABEA-EA01312EE7A3}.Release|Any CPU.ActiveCfg = Release|Any CPU
		{5CB971B5-EFCA-4604-ABEA-EA01312EE7A3}.Release|Any CPU.Build.0 = Release|Any CPU
		{A41041B2-9878-4E19-9FE3-241B3D9F03B7}.Debug|Any CPU.ActiveCfg = Debug|Any CPU
		{A41041B2-9878-4E19-9FE3-241B3D9F03B7}.Debug|Any CPU.Build.0 = Debug|Any CPU
		{A41041B2-9878-4E19-9FE3-241B3D9F03B7}.Release|Any CPU.ActiveCfg = Release|Any CPU
		{A41041B2-9878-4E19-9FE3-241B3D9F03B7}.Release|Any CPU.Build.0 = Release|Any CPU
		{F6E8AD2A-1A61-4F4F-A85A-0E261D8FF292}.Debug|Any CPU.ActiveCfg = Debug|Any CPU
		{F6E8AD2A-1A61-4F4F-A85A-0E261D8FF292}.Debug|Any CPU.Build.0 = Debug|Any CPU
		{F6E8AD2A-1A61-4F4F-A85A-0E261D8FF292}.Release|Any CPU.ActiveCfg = Release|Any CPU
		{F6E8AD2A-1A61-4F4F-A85A-0E261D8FF292}.Release|Any CPU.Build.0 = Release|Any CPU
		{28533F68-E3E2-4E9D-9EE0-A2D801250E41}.Debug|Any CPU.ActiveCfg = Debug|Any CPU
		{28533F68-E3E2-4E9D-9EE0-A2D801250E41}.Debug|Any CPU.Build.0 = Debug|Any CPU
		{28533F68-E3E2-4E9D-9EE0-A2D801250E41}.Release|Any CPU.ActiveCfg = Release|Any CPU
		{28533F68-E3E2-4E9D-9EE0-A2D801250E41}.Release|Any CPU.Build.0 = Release|Any CPU
	EndGlobalSection
	GlobalSection(SolutionProperties) = preSolution
		HideSolutionNode = FALSE
	EndGlobalSection
	GlobalSection(ExtensibilityGlobals) = postSolution
		SolutionGuid = {34FD3B41-2298-43D0-BF19-CE24E0533E44}
	EndGlobalSection
EndGlobal
